{
  "object": {
    "pins": [
      {
        "package": "SwURL",
        "repositoryURL": "https://github.com/cmtrounce/SwURL",
        "state": {
          "branch": "master",
          "revision": "7b0c74f4cd66f52d77f9482d3d2f6ed5d123080e",
          "version": null
        }
      }
    ]
  },
  "version": 1
}
