{
  "object": {
    "pins": [
      {
        "package": "FunLittleAdsSDK",
        "repositoryURL": "/Users/aaron/Developer/FunLittleAdsSDK/",
        "state": {
          "branch": null,
          "revision": "201cebc19e1207044b3466f69b97b992e51ddc4c",
          "version": "0.0.7"
        }
      }
    ]
  },
  "version": 1
}
