// !$*UTF8*$!
{
	archiveVersion = 1;
	classes = {
	};
	objectVersion = 52;
	objects = {

/* Begin PBXBuildFile section */
		930A520C26699C70002DDAB4 /* ContentView.swift in Sources */ = {isa = PBXBuildFile; fileRef = 93FD4FE42665C055000BB08B /* ContentView.swift */; };
		930A520D26699C71002DDAB4 /* ContentView.swift in Sources */ = {isa = PBXBuildFile; fileRef = 93FD4FE42665C055000BB08B /* ContentView.swift */; };
		9382065D266188CC001D66BE /* AppDelegate.swift in Sources */ = {isa = PBXBuildFile; fileRef = 9382065C266188CC001D66BE /* AppDelegate.swift */; };
		9382065F266188CC001D66BE /* SceneDelegate.swift in Sources */ = {isa = PBXBuildFile; fileRef = 9382065E266188CC001D66BE /* SceneDelegate.swift */; };
		93820661266188CC001D66BE /* ViewController.swift in Sources */ = {isa = PBXBuildFile; fileRef = 93820660266188CC001D66BE /* ViewController.swift */; };
		93820664266188CC001D66BE /* Main.storyboard in Resources */ = {isa = PBXBuildFile; fileRef = 93820662266188CC001D66BE /* Main.storyboard */; };
		93820669266188CE001D66BE /* LaunchScreen.storyboard in Resources */ = {isa = PBXBuildFile; fileRef = 93820667266188CE001D66BE /* LaunchScreen.storyboard */; };
		938B8E0826641D2600C1AE24 /* Assets.xcassets in Resources */ = {isa = PBXBuildFile; fileRef = 93820665266188CE001D66BE /* Assets.xcassets */; };
		93D020F326CB4202008DB04B /* FunLittleAdsSDK in Frameworks */ = {isa = PBXBuildFile; productRef = 93D020F226CB4202008DB04B /* FunLittleAdsSDK */; };
		93D020F526CB4209008DB04B /* FunLittleAdsSDK in Frameworks */ = {isa = PBXBuildFile; productRef = 93D020F426CB4209008DB04B /* FunLittleAdsSDK */; };
		93D020F726CB420D008DB04B /* FunLittleAdsSDK in Frameworks */ = {isa = PBXBuildFile; productRef = 93D020F626CB420D008DB04B /* FunLittleAdsSDK */; };
		93DB1CB5270D1F4E002F212A /* FunLittleAdsSDK in Frameworks */ = {isa = PBXBuildFile; productRef = 93DB1CB4270D1F4E002F212A /* FunLittleAdsSDK */; };
		93FD4FF52665C056000BB08B /* Demo_SwiftUIApp.swift in Sources */ = {isa = PBXBuildFile; fileRef = 93FD4FE32665C055000BB08B /* Demo_SwiftUIApp.swift */; };
		93FD4FF62665C056000BB08B /* Demo_SwiftUIApp.swift in Sources */ = {isa = PBXBuildFile; fileRef = 93FD4FE32665C055000BB08B /* Demo_SwiftUIApp.swift */; };
		93FD4FF92665C056000BB08B /* Assets.xcassets in Resources */ = {isa = PBXBuildFile; fileRef = 93FD4FE52665C056000BB08B /* Assets.xcassets */; };
		93FD4FFA2665C056000BB08B /* Assets.xcassets in Resources */ = {isa = PBXBuildFile; fileRef = 93FD4FE52665C056000BB08B /* Assets.xcassets */; };
		93FD50092665C178000BB08B /* AppDelegate.swift in Sources */ = {isa = PBXBuildFile; fileRef = 93FD50082665C178000BB08B /* AppDelegate.swift */; };
		93FD500B2665C178000BB08B /* ViewController.swift in Sources */ = {isa = PBXBuildFile; fileRef = 93FD500A2665C178000BB08B /* ViewController.swift */; };
		93FD500D2665C17A000BB08B /* Assets.xcassets in Resources */ = {isa = PBXBuildFile; fileRef = 93FD500C2665C17A000BB08B /* Assets.xcassets */; };
		93FD50102665C17A000BB08B /* Main.storyboard in Resources */ = {isa = PBXBuildFile; fileRef = 93FD500E2665C17A000BB08B /* Main.storyboard */; };
/* End PBXBuildFile section */

/* Begin PBXCopyFilesBuildPhase section */
		938B8DFF2663168E00C1AE24 /* Embed Frameworks */ = {
			isa = PBXCopyFilesBuildPhase;
			buildActionMask = 2147483647;
			dstPath = "";
			dstSubfolderSpec = 10;
			files = (
			);
			name = "Embed Frameworks";
			runOnlyForDeploymentPostprocessing = 0;
		};
		93FD50212665C36D000BB08B /* Embed Frameworks */ = {
			isa = PBXCopyFilesBuildPhase;
			buildActionMask = 2147483647;
			dstPath = "";
			dstSubfolderSpec = 10;
			files = (
			);
			name = "Embed Frameworks";
			runOnlyForDeploymentPostprocessing = 0;
		};
		93FD50262665C373000BB08B /* Embed Frameworks */ = {
			isa = PBXCopyFilesBuildPhase;
			buildActionMask = 2147483647;
			dstPath = "";
			dstSubfolderSpec = 10;
			files = (
			);
			name = "Embed Frameworks";
			runOnlyForDeploymentPostprocessing = 0;
		};
		93FD502B2665C56A000BB08B /* Embed Frameworks */ = {
			isa = PBXCopyFilesBuildPhase;
			buildActionMask = 2147483647;
			dstPath = "";
			dstSubfolderSpec = 10;
			files = (
			);
			name = "Embed Frameworks";
			runOnlyForDeploymentPostprocessing = 0;
		};
/* End PBXCopyFilesBuildPhase section */

/* Begin PBXFileReference section */
		935F307B2681693E008EE3BF /* IOKit.framework */ = {isa = PBXFileReference; lastKnownFileType = wrapper.framework; name = IOKit.framework; path = Platforms/MacOSX.platform/Developer/SDKs/MacOSX11.3.sdk/System/Library/Frameworks/IOKit.framework; sourceTree = DEVELOPER_DIR; };
		9382065A266188CC001D66BE /* Demo-iOS.app */ = {isa = PBXFileReference; explicitFileType = wrapper.application; includeInIndex = 0; path = "Demo-iOS.app"; sourceTree = BUILT_PRODUCTS_DIR; };
		9382065C266188CC001D66BE /* AppDelegate.swift */ = {isa = PBXFileReference; lastKnownFileType = sourcecode.swift; path = AppDelegate.swift; sourceTree = "<group>"; };
		9382065E266188CC001D66BE /* SceneDelegate.swift */ = {isa = PBXFileReference; lastKnownFileType = sourcecode.swift; path = SceneDelegate.swift; sourceTree = "<group>"; };
		93820660266188CC001D66BE /* ViewController.swift */ = {isa = PBXFileReference; lastKnownFileType = sourcecode.swift; path = ViewController.swift; sourceTree = "<group>"; };
		93820663266188CC001D66BE /* Base */ = {isa = PBXFileReference; lastKnownFileType = file.storyboard; name = Base; path = Base.lproj/Main.storyboard; sourceTree = "<group>"; };
		93820665266188CE001D66BE /* Assets.xcassets */ = {isa = PBXFileReference; lastKnownFileType = folder.assetcatalog; path = Assets.xcassets; sourceTree = "<group>"; };
		93820668266188CE001D66BE /* Base */ = {isa = PBXFileReference; lastKnownFileType = file.storyboard; name = Base; path = Base.lproj/LaunchScreen.storyboard; sourceTree = "<group>"; };
		9382066A266188CE001D66BE /* Info.plist */ = {isa = PBXFileReference; lastKnownFileType = text.plist.xml; path = Info.plist; sourceTree = "<group>"; };
		93A72C5A26686817007D352D /* Tester.swift */ = {isa = PBXFileReference; lastKnownFileType = sourcecode.swift; path = Tester.swift; sourceTree = "<group>"; };
		93FD4FE32665C055000BB08B /* Demo_SwiftUIApp.swift */ = {isa = PBXFileReference; lastKnownFileType = sourcecode.swift; path = Demo_SwiftUIApp.swift; sourceTree = "<group>"; };
		93FD4FE42665C055000BB08B /* ContentView.swift */ = {isa = PBXFileReference; lastKnownFileType = sourcecode.swift; path = ContentView.swift; sourceTree = "<group>"; };
		93FD4FE52665C056000BB08B /* Assets.xcassets */ = {isa = PBXFileReference; lastKnownFileType = folder.assetcatalog; path = Assets.xcassets; sourceTree = "<group>"; };
		93FD4FEA2665C056000BB08B /* Demo-SwiftUI.app */ = {isa = PBXFileReference; explicitFileType = wrapper.application; includeInIndex = 0; path = "Demo-SwiftUI.app"; sourceTree = BUILT_PRODUCTS_DIR; };
		93FD4FEC2665C056000BB08B /* Info.plist */ = {isa = PBXFileReference; lastKnownFileType = text.plist.xml; path = Info.plist; sourceTree = "<group>"; };
		93FD4FF12665C056000BB08B /* Demo-SwiftUI.app */ = {isa = PBXFileReference; explicitFileType = wrapper.application; includeInIndex = 0; path = "Demo-SwiftUI.app"; sourceTree = BUILT_PRODUCTS_DIR; };
		93FD4FF32665C056000BB08B /* Info.plist */ = {isa = PBXFileReference; lastKnownFileType = text.plist.xml; path = Info.plist; sourceTree = "<group>"; };
		93FD4FF42665C056000BB08B /* macOS.entitlements */ = {isa = PBXFileReference; lastKnownFileType = text.plist.entitlements; path = macOS.entitlements; sourceTree = "<group>"; };
		93FD50062665C178000BB08B /* Demo-AppKit.app */ = {isa = PBXFileReference; explicitFileType = wrapper.application; includeInIndex = 0; path = "Demo-AppKit.app"; sourceTree = BUILT_PRODUCTS_DIR; };
		93FD50082665C178000BB08B /* AppDelegate.swift */ = {isa = PBXFileReference; lastKnownFileType = sourcecode.swift; path = AppDelegate.swift; sourceTree = "<group>"; };
		93FD500A2665C178000BB08B /* ViewController.swift */ = {isa = PBXFileReference; lastKnownFileType = sourcecode.swift; path = ViewController.swift; sourceTree = "<group>"; };
		93FD500C2665C17A000BB08B /* Assets.xcassets */ = {isa = PBXFileReference; lastKnownFileType = folder.assetcatalog; path = Assets.xcassets; sourceTree = "<group>"; };
		93FD500F2665C17A000BB08B /* Base */ = {isa = PBXFileReference; lastKnownFileType = file.storyboard; name = Base; path = Base.lproj/Main.storyboard; sourceTree = "<group>"; };
		93FD50112665C17A000BB08B /* Info.plist */ = {isa = PBXFileReference; lastKnownFileType = text.plist.xml; path = Info.plist; sourceTree = "<group>"; };
		93FD50122665C17A000BB08B /* Demo_AppKit.entitlements */ = {isa = PBXFileReference; lastKnownFileType = text.plist.entitlements; path = Demo_AppKit.entitlements; sourceTree = "<group>"; };
		93FD50162665C265000BB08B /* AppKit.framework */ = {isa = PBXFileReference; lastKnownFileType = wrapper.framework; name = AppKit.framework; path = Platforms/MacOSX.platform/Developer/SDKs/MacOSX11.3.sdk/System/Library/Frameworks/AppKit.framework; sourceTree = DEVELOPER_DIR; };
/* End PBXFileReference section */

/* Begin PBXFrameworksBuildPhase section */
		93820657266188CC001D66BE /* Frameworks */ = {
			isa = PBXFrameworksBuildPhase;
			buildActionMask = 2147483647;
			files = (
				93DB1CB5270D1F4E002F212A /* FunLittleAdsSDK in Frameworks */,
			);
			runOnlyForDeploymentPostprocessing = 0;
		};
		93FD4FE72665C056000BB08B /* Frameworks */ = {
			isa = PBXFrameworksBuildPhase;
			buildActionMask = 2147483647;
			files = (
				93D020F326CB4202008DB04B /* FunLittleAdsSDK in Frameworks */,
			);
			runOnlyForDeploymentPostprocessing = 0;
		};
		93FD4FEE2665C056000BB08B /* Frameworks */ = {
			isa = PBXFrameworksBuildPhase;
			buildActionMask = 2147483647;
			files = (
				93D020F526CB4209008DB04B /* FunLittleAdsSDK in Frameworks */,
			);
			runOnlyForDeploymentPostprocessing = 0;
		};
		93FD50032665C178000BB08B /* Frameworks */ = {
			isa = PBXFrameworksBuildPhase;
			buildActionMask = 2147483647;
			files = (
				93D020F726CB420D008DB04B /* FunLittleAdsSDK in Frameworks */,
			);
			runOnlyForDeploymentPostprocessing = 0;
		};
/* End PBXFrameworksBuildPhase section */

/* Begin PBXGroup section */
		9382064126618838001D66BE = {
			isa = PBXGroup;
			children = (
				9382065B266188CC001D66BE /* Demo-iOS */,
				93FD50072665C178000BB08B /* Demo-AppKit */,
				93FD50012665C06E000BB08B /* Demo-SwiftUI */,
				9382064C26618838001D66BE /* Products */,
				938B8DFA2663168E00C1AE24 /* Frameworks */,
			);
			sourceTree = "<group>";
		};
		9382064C26618838001D66BE /* Products */ = {
			isa = PBXGroup;
			children = (
				9382065A266188CC001D66BE /* Demo-iOS.app */,
				93FD4FEA2665C056000BB08B /* Demo-SwiftUI.app */,
				93FD4FF12665C056000BB08B /* Demo-SwiftUI.app */,
				93FD50062665C178000BB08B /* Demo-AppKit.app */,
			);
			name = Products;
			sourceTree = "<group>";
		};
		9382065B266188CC001D66BE /* Demo-iOS */ = {
			isa = PBXGroup;
			children = (
				9382065C266188CC001D66BE /* AppDelegate.swift */,
				9382065E266188CC001D66BE /* SceneDelegate.swift */,
				93820660266188CC001D66BE /* ViewController.swift */,
				93820662266188CC001D66BE /* Main.storyboard */,
				93820665266188CE001D66BE /* Assets.xcassets */,
				93820667266188CE001D66BE /* LaunchScreen.storyboard */,
				9382066A266188CE001D66BE /* Info.plist */,
			);
			path = "Demo-iOS";
			sourceTree = "<group>";
		};
		938B8DFA2663168E00C1AE24 /* Frameworks */ = {
			isa = PBXGroup;
			children = (
				935F307B2681693E008EE3BF /* IOKit.framework */,
				93FD50162665C265000BB08B /* AppKit.framework */,
			);
			name = Frameworks;
			sourceTree = "<group>";
		};
		93FD4FE22665C055000BB08B /* Shared */ = {
			isa = PBXGroup;
			children = (
				93FD4FE32665C055000BB08B /* Demo_SwiftUIApp.swift */,
				93FD4FE42665C055000BB08B /* ContentView.swift */,
				93FD4FE52665C056000BB08B /* Assets.xcassets */,
				93A72C5A26686817007D352D /* Tester.swift */,
			);
			path = Shared;
			sourceTree = "<group>";
		};
		93FD4FEB2665C056000BB08B /* iOS */ = {
			isa = PBXGroup;
			children = (
				93FD4FEC2665C056000BB08B /* Info.plist */,
			);
			path = iOS;
			sourceTree = "<group>";
		};
		93FD4FF22665C056000BB08B /* macOS */ = {
			isa = PBXGroup;
			children = (
				93FD4FF32665C056000BB08B /* Info.plist */,
				93FD4FF42665C056000BB08B /* macOS.entitlements */,
			);
			path = macOS;
			sourceTree = "<group>";
		};
		93FD50012665C06E000BB08B /* Demo-SwiftUI */ = {
			isa = PBXGroup;
			children = (
				93FD4FEB2665C056000BB08B /* iOS */,
				93FD4FF22665C056000BB08B /* macOS */,
				93FD4FE22665C055000BB08B /* Shared */,
			);
			path = "Demo-SwiftUI";
			sourceTree = "<group>";
		};
		93FD50072665C178000BB08B /* Demo-AppKit */ = {
			isa = PBXGroup;
			children = (
				93FD50082665C178000BB08B /* AppDelegate.swift */,
				93FD500A2665C178000BB08B /* ViewController.swift */,
				93FD500C2665C17A000BB08B /* Assets.xcassets */,
				93FD500E2665C17A000BB08B /* Main.storyboard */,
				93FD50112665C17A000BB08B /* Info.plist */,
				93FD50122665C17A000BB08B /* Demo_AppKit.entitlements */,
			);
			path = "Demo-AppKit";
			sourceTree = "<group>";
		};
/* End PBXGroup section */

/* Begin PBXNativeTarget section */
		93820659266188CC001D66BE /* Demo-iOS */ = {
			isa = PBXNativeTarget;
			buildConfigurationList = 9382066B266188CE001D66BE /* Build configuration list for PBXNativeTarget "Demo-iOS" */;
			buildPhases = (
				93820657266188CC001D66BE /* Frameworks */,
				93820656266188CC001D66BE /* Sources */,
				93820658266188CC001D66BE /* Resources */,
				938B8DFF2663168E00C1AE24 /* Embed Frameworks */,
			);
			buildRules = (
			);
			dependencies = (
			);
			name = "Demo-iOS";
			packageProductDependencies = (
				93DB1CB4270D1F4E002F212A /* FunLittleAdsSDK */,
			);
			productName = "Demo-iOS";
			productReference = 9382065A266188CC001D66BE /* Demo-iOS.app */;
			productType = "com.apple.product-type.application";
		};
		93FD4FE92665C056000BB08B /* Demo-SwiftUI (iOS) */ = {
			isa = PBXNativeTarget;
			buildConfigurationList = 93FD4FFB2665C056000BB08B /* Build configuration list for PBXNativeTarget "Demo-SwiftUI (iOS)" */;
			buildPhases = (
				93FD4FE62665C056000BB08B /* Sources */,
				93FD4FE72665C056000BB08B /* Frameworks */,
				93FD4FE82665C056000BB08B /* Resources */,
				93FD50212665C36D000BB08B /* Embed Frameworks */,
			);
			buildRules = (
			);
			dependencies = (
			);
			name = "Demo-SwiftUI (iOS)";
			packageProductDependencies = (
				93D020F226CB4202008DB04B /* FunLittleAdsSDK */,
			);
			productName = "Demo-SwiftUI (iOS)";
			productReference = 93FD4FEA2665C056000BB08B /* Demo-SwiftUI.app */;
			productType = "com.apple.product-type.application";
		};
		93FD4FF02665C056000BB08B /* Demo-SwiftUI (macOS) */ = {
			isa = PBXNativeTarget;
			buildConfigurationList = 93FD4FFE2665C056000BB08B /* Build configuration list for PBXNativeTarget "Demo-SwiftUI (macOS)" */;
			buildPhases = (
				93FD4FED2665C056000BB08B /* Sources */,
				93FD4FEE2665C056000BB08B /* Frameworks */,
				93FD4FEF2665C056000BB08B /* Resources */,
				93FD50262665C373000BB08B /* Embed Frameworks */,
			);
			buildRules = (
			);
			dependencies = (
			);
			name = "Demo-SwiftUI (macOS)";
			packageProductDependencies = (
				93D020F426CB4209008DB04B /* FunLittleAdsSDK */,
			);
			productName = "Demo-SwiftUI (macOS)";
			productReference = 93FD4FF12665C056000BB08B /* Demo-SwiftUI.app */;
			productType = "com.apple.product-type.application";
		};
		93FD50052665C178000BB08B /* Demo-AppKit */ = {
			isa = PBXNativeTarget;
			buildConfigurationList = 93FD50132665C17A000BB08B /* Build configuration list for PBXNativeTarget "Demo-AppKit" */;
			buildPhases = (
				93FD50022665C178000BB08B /* Sources */,
				93FD50032665C178000BB08B /* Frameworks */,
				93FD50042665C178000BB08B /* Resources */,
				93FD502B2665C56A000BB08B /* Embed Frameworks */,
			);
			buildRules = (
			);
			dependencies = (
			);
			name = "Demo-AppKit";
			packageProductDependencies = (
				93D020F626CB420D008DB04B /* FunLittleAdsSDK */,
			);
			productName = "Demo-AppKit";
			productReference = 93FD50062665C178000BB08B /* Demo-AppKit.app */;
			productType = "com.apple.product-type.application";
		};
/* End PBXNativeTarget section */

/* Begin PBXProject section */
		9382064226618838001D66BE /* Project object */ = {
			isa = PBXProject;
			attributes = {
				LastSwiftUpdateCheck = 1250;
				LastUpgradeCheck = 1250;
				TargetAttributes = {
					93820659266188CC001D66BE = {
						CreatedOnToolsVersion = 12.5;
					};
					93FD4FE92665C056000BB08B = {
						CreatedOnToolsVersion = 12.5;
					};
					93FD4FF02665C056000BB08B = {
						CreatedOnToolsVersion = 12.5;
					};
					93FD50052665C178000BB08B = {
						CreatedOnToolsVersion = 12.5;
					};
				};
			};
			buildConfigurationList = 9382064526618838001D66BE /* Build configuration list for PBXProject "FunLittleAds" */;
			compatibilityVersion = "Xcode 9.3";
			developmentRegion = en;
			hasScannedForEncodings = 0;
			knownRegions = (
				en,
				Base,
			);
			mainGroup = 9382064126618838001D66BE;
			packageReferences = (
				93DB1CB3270D1F4E002F212A /* XCRemoteSwiftPackageReference "FunLittleAdsSDK" */,
			);
			productRefGroup = 9382064C26618838001D66BE /* Products */;
			projectDirPath = "";
			projectRoot = "";
			targets = (
				93820659266188CC001D66BE /* Demo-iOS */,
				93FD4FE92665C056000BB08B /* Demo-SwiftUI (iOS) */,
				93FD4FF02665C056000BB08B /* Demo-SwiftUI (macOS) */,
				93FD50052665C178000BB08B /* Demo-AppKit */,
			);
		};
/* End PBXProject section */

/* Begin PBXResourcesBuildPhase section */
		93820658266188CC001D66BE /* Resources */ = {
			isa = PBXResourcesBuildPhase;
			buildActionMask = 2147483647;
			files = (
				93820669266188CE001D66BE /* LaunchScreen.storyboard in Resources */,
				93820664266188CC001D66BE /* Main.storyboard in Resources */,
				938B8E0826641D2600C1AE24 /* Assets.xcassets in Resources */,
			);
			runOnlyForDeploymentPostprocessing = 0;
		};
		93FD4FE82665C056000BB08B /* Resources */ = {
			isa = PBXResourcesBuildPhase;
			buildActionMask = 2147483647;
			files = (
				93FD4FF92665C056000BB08B /* Assets.xcassets in Resources */,
			);
			runOnlyForDeploymentPostprocessing = 0;
		};
		93FD4FEF2665C056000BB08B /* Resources */ = {
			isa = PBXResourcesBuildPhase;
			buildActionMask = 2147483647;
			files = (
				93FD4FFA2665C056000BB08B /* Assets.xcassets in Resources */,
			);
			runOnlyForDeploymentPostprocessing = 0;
		};
		93FD50042665C178000BB08B /* Resources */ = {
			isa = PBXResourcesBuildPhase;
			buildActionMask = 2147483647;
			files = (
				93FD500D2665C17A000BB08B /* Assets.xcassets in Resources */,
				93FD50102665C17A000BB08B /* Main.storyboard in Resources */,
			);
			runOnlyForDeploymentPostprocessing = 0;
		};
/* End PBXResourcesBuildPhase section */

/* Begin PBXSourcesBuildPhase section */
		93820656266188CC001D66BE /* Sources */ = {
			isa = PBXSourcesBuildPhase;
			buildActionMask = 2147483647;
			files = (
				93820661266188CC001D66BE /* ViewController.swift in Sources */,
				9382065D266188CC001D66BE /* AppDelegate.swift in Sources */,
				9382065F266188CC001D66BE /* SceneDelegate.swift in Sources */,
			);
			runOnlyForDeploymentPostprocessing = 0;
		};
		93FD4FE62665C056000BB08B /* Sources */ = {
			isa = PBXSourcesBuildPhase;
			buildActionMask = 2147483647;
			files = (
				930A520C26699C70002DDAB4 /* ContentView.swift in Sources */,
				93FD4FF52665C056000BB08B /* Demo_SwiftUIApp.swift in Sources */,
			);
			runOnlyForDeploymentPostprocessing = 0;
		};
		93FD4FED2665C056000BB08B /* Sources */ = {
			isa = PBXSourcesBuildPhase;
			buildActionMask = 2147483647;
			files = (
				930A520D26699C71002DDAB4 /* ContentView.swift in Sources */,
				93FD4FF62665C056000BB08B /* Demo_SwiftUIApp.swift in Sources */,
			);
			runOnlyForDeploymentPostprocessing = 0;
		};
		93FD50022665C178000BB08B /* Sources */ = {
			isa = PBXSourcesBuildPhase;
			buildActionMask = 2147483647;
			files = (
				93FD500B2665C178000BB08B /* ViewController.swift in Sources */,
				93FD50092665C178000BB08B /* AppDelegate.swift in Sources */,
			);
			runOnlyForDeploymentPostprocessing = 0;
		};
/* End PBXSourcesBuildPhase section */

/* Begin PBXVariantGroup section */
		93820662266188CC001D66BE /* Main.storyboard */ = {
			isa = PBXVariantGroup;
			children = (
				93820663266188CC001D66BE /* Base */,
			);
			name = Main.storyboard;
			sourceTree = "<group>";
		};
		93820667266188CE001D66BE /* LaunchScreen.storyboard */ = {
			isa = PBXVariantGroup;
			children = (
				93820668266188CE001D66BE /* Base */,
			);
			name = LaunchScreen.storyboard;
			sourceTree = "<group>";
		};
		93FD500E2665C17A000BB08B /* Main.storyboard */ = {
			isa = PBXVariantGroup;
			children = (
				93FD500F2665C17A000BB08B /* Base */,
			);
			name = Main.storyboard;
			sourceTree = "<group>";
		};
/* End PBXVariantGroup section */

/* Begin XCBuildConfiguration section */
		9382065126618839001D66BE /* Debug */ = {
			isa = XCBuildConfiguration;
			buildSettings = {
				ALWAYS_SEARCH_USER_PATHS = NO;
				CLANG_ANALYZER_NONNULL = YES;
				CLANG_ANALYZER_NUMBER_OBJECT_CONVERSION = YES_AGGRESSIVE;
				CLANG_CXX_LANGUAGE_STANDARD = "gnu++14";
				CLANG_CXX_LIBRARY = "libc++";
				CLANG_ENABLE_MODULES = YES;
				CLANG_ENABLE_OBJC_ARC = YES;
				CLANG_ENABLE_OBJC_WEAK = YES;
				CLANG_WARN_BLOCK_CAPTURE_AUTORELEASING = YES;
				CLANG_WARN_BOOL_CONVERSION = YES;
				CLANG_WARN_COMMA = YES;
				CLANG_WARN_CONSTANT_CONVERSION = YES;
				CLANG_WARN_DEPRECATED_OBJC_IMPLEMENTATIONS = YES;
				CLANG_WARN_DIRECT_OBJC_ISA_USAGE = YES_ERROR;
				CLANG_WARN_DOCUMENTATION_COMMENTS = YES;
				CLANG_WARN_EMPTY_BODY = YES;
				CLANG_WARN_ENUM_CONVERSION = YES;
				CLANG_WARN_INFINITE_RECURSION = YES;
				CLANG_WARN_INT_CONVERSION = YES;
				CLANG_WARN_NON_LITERAL_NULL_CONVERSION = YES;
				CLANG_WARN_OBJC_IMPLICIT_RETAIN_SELF = YES;
				CLANG_WARN_OBJC_LITERAL_CONVERSION = YES;
				CLANG_WARN_OBJC_ROOT_CLASS = YES_ERROR;
				CLANG_WARN_QUOTED_INCLUDE_IN_FRAMEWORK_HEADER = YES;
				CLANG_WARN_RANGE_LOOP_ANALYSIS = YES;
				CLANG_WARN_STRICT_PROTOTYPES = YES;
				CLANG_WARN_SUSPICIOUS_MOVE = YES;
				CLANG_WARN_UNGUARDED_AVAILABILITY = YES_AGGRESSIVE;
				CLANG_WARN_UNREACHABLE_CODE = YES;
				CLANG_WARN__DUPLICATE_METHOD_MATCH = YES;
				COPY_PHASE_STRIP = NO;
				CURRENT_PROJECT_VERSION = 1;
				DEBUG_INFORMATION_FORMAT = dwarf;
				ENABLE_STRICT_OBJC_MSGSEND = YES;
				ENABLE_TESTABILITY = YES;
				GCC_C_LANGUAGE_STANDARD = gnu11;
				GCC_DYNAMIC_NO_PIC = NO;
				GCC_NO_COMMON_BLOCKS = YES;
				GCC_OPTIMIZATION_LEVEL = 0;
				GCC_PREPROCESSOR_DEFINITIONS = (
					"DEBUG=1",
					"$(inherited)",
				);
				GCC_WARN_64_TO_32_BIT_CONVERSION = YES;
				GCC_WARN_ABOUT_RETURN_TYPE = YES_ERROR;
				GCC_WARN_UNDECLARED_SELECTOR = YES;
				GCC_WARN_UNINITIALIZED_AUTOS = YES_AGGRESSIVE;
				GCC_WARN_UNUSED_FUNCTION = YES;
				GCC_WARN_UNUSED_VARIABLE = YES;
				IPHONEOS_DEPLOYMENT_TARGET = 14.5;
				MACOSX_DEPLOYMENT_TARGET = 10.15;
				MTL_ENABLE_DEBUG_INFO = INCLUDE_SOURCE;
				MTL_FAST_MATH = YES;
				ONLY_ACTIVE_ARCH = YES;
				SDKROOT = iphoneos;
				SUPPORTED_PLATFORMS = "iphonesimulator iphoneos macosx";
				SWIFT_ACTIVE_COMPILATION_CONDITIONS = DEBUG;
				SWIFT_OPTIMIZATION_LEVEL = "-Onone";
				VERSIONING_SYSTEM = "apple-generic";
				VERSION_INFO_PREFIX = "";
			};
			name = Debug;
		};
		9382065226618839001D66BE /* Release */ = {
			isa = XCBuildConfiguration;
			buildSettings = {
				ALWAYS_SEARCH_USER_PATHS = NO;
				CLANG_ANALYZER_NONNULL = YES;
				CLANG_ANALYZER_NUMBER_OBJECT_CONVERSION = YES_AGGRESSIVE;
				CLANG_CXX_LANGUAGE_STANDARD = "gnu++14";
				CLANG_CXX_LIBRARY = "libc++";
				CLANG_ENABLE_MODULES = YES;
				CLANG_ENABLE_OBJC_ARC = YES;
				CLANG_ENABLE_OBJC_WEAK = YES;
				CLANG_WARN_BLOCK_CAPTURE_AUTORELEASING = YES;
				CLANG_WARN_BOOL_CONVERSION = YES;
				CLANG_WARN_COMMA = YES;
				CLANG_WARN_CONSTANT_CONVERSION = YES;
				CLANG_WARN_DEPRECATED_OBJC_IMPLEMENTATIONS = YES;
				CLANG_WARN_DIRECT_OBJC_ISA_USAGE = YES_ERROR;
				CLANG_WARN_DOCUMENTATION_COMMENTS = YES;
				CLANG_WARN_EMPTY_BODY = YES;
				CLANG_WARN_ENUM_CONVERSION = YES;
				CLANG_WARN_INFINITE_RECURSION = YES;
				CLANG_WARN_INT_CONVERSION = YES;
				CLANG_WARN_NON_LITERAL_NULL_CONVERSION = YES;
				CLANG_WARN_OBJC_IMPLICIT_RETAIN_SELF = YES;
				CLANG_WARN_OBJC_LITERAL_CONVERSION = YES;
				CLANG_WARN_OBJC_ROOT_CLASS = YES_ERROR;
				CLANG_WARN_QUOTED_INCLUDE_IN_FRAMEWORK_HEADER = YES;
				CLANG_WARN_RANGE_LOOP_ANALYSIS = YES;
				CLANG_WARN_STRICT_PROTOTYPES = YES;
				CLANG_WARN_SUSPICIOUS_MOVE = YES;
				CLANG_WARN_UNGUARDED_AVAILABILITY = YES_AGGRESSIVE;
				CLANG_WARN_UNREACHABLE_CODE = YES;
				CLANG_WARN__DUPLICATE_METHOD_MATCH = YES;
				COPY_PHASE_STRIP = NO;
				CURRENT_PROJECT_VERSION = 1;
				DEBUG_INFORMATION_FORMAT = "dwarf-with-dsym";
				ENABLE_NS_ASSERTIONS = NO;
				ENABLE_STRICT_OBJC_MSGSEND = YES;
				GCC_C_LANGUAGE_STANDARD = gnu11;
				GCC_NO_COMMON_BLOCKS = YES;
				GCC_WARN_64_TO_32_BIT_CONVERSION = YES;
				GCC_WARN_ABOUT_RETURN_TYPE = YES_ERROR;
				GCC_WARN_UNDECLARED_SELECTOR = YES;
				GCC_WARN_UNINITIALIZED_AUTOS = YES_AGGRESSIVE;
				GCC_WARN_UNUSED_FUNCTION = YES;
				GCC_WARN_UNUSED_VARIABLE = YES;
				IPHONEOS_DEPLOYMENT_TARGET = 14.5;
				MACOSX_DEPLOYMENT_TARGET = 10.15;
				MTL_ENABLE_DEBUG_INFO = NO;
				MTL_FAST_MATH = YES;
				SDKROOT = iphoneos;
				SUPPORTED_PLATFORMS = "iphonesimulator iphoneos macosx";
				SWIFT_COMPILATION_MODE = wholemodule;
				SWIFT_OPTIMIZATION_LEVEL = "-O";
				VALIDATE_PRODUCT = YES;
				VERSIONING_SYSTEM = "apple-generic";
				VERSION_INFO_PREFIX = "";
			};
			name = Release;
		};
		9382066C266188CE001D66BE /* Debug */ = {
			isa = XCBuildConfiguration;
			buildSettings = {
				ASSETCATALOG_COMPILER_APPICON_NAME = AppIcon;
				ASSETCATALOG_COMPILER_GLOBAL_ACCENT_COLOR_NAME = AccentColor;
				CODE_SIGN_STYLE = Automatic;
				DEVELOPMENT_TEAM = 9P5W2L6F6B;
				INFOPLIST_FILE = "Demo-iOS/Info.plist";
				LD_RUNPATH_SEARCH_PATHS = (
					"$(inherited)",
					"@executable_path/Frameworks",
				);
				PRODUCT_BUNDLE_IDENTIFIER = "com.innoveghtive.Demo-iOS";
				PRODUCT_NAME = "$(TARGET_NAME)";
				SWIFT_VERSION = 5.0;
				TARGETED_DEVICE_FAMILY = "1,2";
			};
			name = Debug;
		};
		9382066D266188CE001D66BE /* Release */ = {
			isa = XCBuildConfiguration;
			buildSettings = {
				ASSETCATALOG_COMPILER_APPICON_NAME = AppIcon;
				ASSETCATALOG_COMPILER_GLOBAL_ACCENT_COLOR_NAME = AccentColor;
				CODE_SIGN_STYLE = Automatic;
				DEVELOPMENT_TEAM = 9P5W2L6F6B;
				INFOPLIST_FILE = "Demo-iOS/Info.plist";
				LD_RUNPATH_SEARCH_PATHS = (
					"$(inherited)",
					"@executable_path/Frameworks",
				);
				PRODUCT_BUNDLE_IDENTIFIER = "com.innoveghtive.Demo-iOS";
				PRODUCT_NAME = "$(TARGET_NAME)";
				SWIFT_VERSION = 5.0;
				TARGETED_DEVICE_FAMILY = "1,2";
			};
			name = Release;
		};
		93FD4FFC2665C056000BB08B /* Debug */ = {
			isa = XCBuildConfiguration;
			buildSettings = {
				ASSETCATALOG_COMPILER_APPICON_NAME = AppIcon;
				ASSETCATALOG_COMPILER_GLOBAL_ACCENT_COLOR_NAME = AccentColor;
				CODE_SIGN_STYLE = Automatic;
				DEVELOPMENT_TEAM = 9P5W2L6F6B;
				ENABLE_PREVIEWS = YES;
				INFOPLIST_FILE = "Demo-SwiftUI/iOS/Info.plist";
				IPHONEOS_DEPLOYMENT_TARGET = 14.5;
				LD_RUNPATH_SEARCH_PATHS = (
					"$(inherited)",
					"@executable_path/Frameworks",
				);
				PRODUCT_BUNDLE_IDENTIFIER = "com.innoveghtive.Demo-SwiftUI";
				PRODUCT_NAME = "Demo-SwiftUI";
				SDKROOT = iphoneos;
				SWIFT_VERSION = 5.0;
				TARGETED_DEVICE_FAMILY = "1,2";
			};
			name = Debug;
		};
		93FD4FFD2665C056000BB08B /* Release */ = {
			isa = XCBuildConfiguration;
			buildSettings = {
				ASSETCATALOG_COMPILER_APPICON_NAME = AppIcon;
				ASSETCATALOG_COMPILER_GLOBAL_ACCENT_COLOR_NAME = AccentColor;
				CODE_SIGN_STYLE = Automatic;
				DEVELOPMENT_TEAM = 9P5W2L6F6B;
				ENABLE_PREVIEWS = YES;
				INFOPLIST_FILE = "Demo-SwiftUI/iOS/Info.plist";
				IPHONEOS_DEPLOYMENT_TARGET = 14.5;
				LD_RUNPATH_SEARCH_PATHS = (
					"$(inherited)",
					"@executable_path/Frameworks",
				);
				PRODUCT_BUNDLE_IDENTIFIER = "com.innoveghtive.Demo-SwiftUI";
				PRODUCT_NAME = "Demo-SwiftUI";
				SDKROOT = iphoneos;
				SWIFT_VERSION = 5.0;
				TARGETED_DEVICE_FAMILY = "1,2";
				VALIDATE_PRODUCT = YES;
			};
			name = Release;
		};
		93FD4FFF2665C056000BB08B /* Debug */ = {
			isa = XCBuildConfiguration;
			buildSettings = {
				ASSETCATALOG_COMPILER_APPICON_NAME = AppIcon;
				ASSETCATALOG_COMPILER_GLOBAL_ACCENT_COLOR_NAME = AccentColor;
				CODE_SIGN_ENTITLEMENTS = "Demo-SwiftUI/macOS/macOS.entitlements";
				CODE_SIGN_IDENTITY = "Apple Development";
				CODE_SIGN_STYLE = Automatic;
				COMBINE_HIDPI_IMAGES = YES;
				DEVELOPMENT_TEAM = 9P5W2L6F6B;
				ENABLE_HARDENED_RUNTIME = YES;
				ENABLE_PREVIEWS = YES;
				INFOPLIST_FILE = "Demo-SwiftUI/macOS/Info.plist";
				LD_RUNPATH_SEARCH_PATHS = (
					"$(inherited)",
					"@executable_path/../Frameworks",
				);
				MACOSX_DEPLOYMENT_TARGET = 10.15;
				PRODUCT_BUNDLE_IDENTIFIER = "com.innoveghtive.Demo-SwiftUI";
				PRODUCT_NAME = "Demo-SwiftUI";
				SDKROOT = macosx;
				SWIFT_VERSION = 5.0;
			};
			name = Debug;
		};
		93FD50002665C056000BB08B /* Release */ = {
			isa = XCBuildConfiguration;
			buildSettings = {
				ASSETCATALOG_COMPILER_APPICON_NAME = AppIcon;
				ASSETCATALOG_COMPILER_GLOBAL_ACCENT_COLOR_NAME = AccentColor;
				CODE_SIGN_ENTITLEMENTS = "Demo-SwiftUI/macOS/macOS.entitlements";
				CODE_SIGN_IDENTITY = "Apple Development";
				CODE_SIGN_STYLE = Automatic;
				COMBINE_HIDPI_IMAGES = YES;
				DEVELOPMENT_TEAM = 9P5W2L6F6B;
				ENABLE_HARDENED_RUNTIME = YES;
				ENABLE_PREVIEWS = YES;
				INFOPLIST_FILE = "Demo-SwiftUI/macOS/Info.plist";
				LD_RUNPATH_SEARCH_PATHS = (
					"$(inherited)",
					"@executable_path/../Frameworks",
				);
				MACOSX_DEPLOYMENT_TARGET = 10.15;
				PRODUCT_BUNDLE_IDENTIFIER = "com.innoveghtive.Demo-SwiftUI";
				PRODUCT_NAME = "Demo-SwiftUI";
				SDKROOT = macosx;
				SWIFT_VERSION = 5.0;
			};
			name = Release;
		};
		93FD50142665C17A000BB08B /* Debug */ = {
			isa = XCBuildConfiguration;
			buildSettings = {
				ASSETCATALOG_COMPILER_APPICON_NAME = AppIcon;
				ASSETCATALOG_COMPILER_GLOBAL_ACCENT_COLOR_NAME = AccentColor;
				CODE_SIGN_ENTITLEMENTS = "Demo-AppKit/Demo_AppKit.entitlements";
				CODE_SIGN_IDENTITY = "Apple Development";
				CODE_SIGN_STYLE = Automatic;
				COMBINE_HIDPI_IMAGES = YES;
				DEVELOPMENT_TEAM = 9P5W2L6F6B;
				ENABLE_HARDENED_RUNTIME = YES;
				INFOPLIST_FILE = "Demo-AppKit/Info.plist";
				LD_RUNPATH_SEARCH_PATHS = (
					"$(inherited)",
					"@executable_path/../Frameworks",
				);
				MACOSX_DEPLOYMENT_TARGET = 10.15;
				PRODUCT_BUNDLE_IDENTIFIER = "com.innoveghtive.Demo-AppKit";
				PRODUCT_NAME = "$(TARGET_NAME)";
				SDKROOT = macosx;
				SWIFT_VERSION = 5.0;
			};
			name = Debug;
		};
		93FD50152665C17A000BB08B /* Release */ = {
			isa = XCBuildConfiguration;
			buildSettings = {
				ASSETCATALOG_COMPILER_APPICON_NAME = AppIcon;
				ASSETCATALOG_COMPILER_GLOBAL_ACCENT_COLOR_NAME = AccentColor;
				CODE_SIGN_ENTITLEMENTS = "Demo-AppKit/Demo_AppKit.entitlements";
				CODE_SIGN_IDENTITY = "Apple Development";
				CODE_SIGN_STYLE = Automatic;
				COMBINE_HIDPI_IMAGES = YES;
				DEVELOPMENT_TEAM = 9P5W2L6F6B;
				ENABLE_HARDENED_RUNTIME = YES;
				INFOPLIST_FILE = "Demo-AppKit/Info.plist";
				LD_RUNPATH_SEARCH_PATHS = (
					"$(inherited)",
					"@executable_path/../Frameworks",
				);
				MACOSX_DEPLOYMENT_TARGET = 10.15;
				PRODUCT_BUNDLE_IDENTIFIER = "com.innoveghtive.Demo-AppKit";
				PRODUCT_NAME = "$(TARGET_NAME)";
				SDKROOT = macosx;
				SWIFT_VERSION = 5.0;
			};
			name = Release;
		};
/* End XCBuildConfiguration section */

/* Begin XCConfigurationList section */
		9382064526618838001D66BE /* Build configuration list for PBXProject "FunLittleAds" */ = {
			isa = XCConfigurationList;
			buildConfigurations = (
				9382065126618839001D66BE /* Debug */,
				9382065226618839001D66BE /* Release */,
			);
			defaultConfigurationIsVisible = 0;
			defaultConfigurationName = Release;
		};
		9382066B266188CE001D66BE /* Build configuration list for PBXNativeTarget "Demo-iOS" */ = {
			isa = XCConfigurationList;
			buildConfigurations = (
				9382066C266188CE001D66BE /* Debug */,
				9382066D266188CE001D66BE /* Release */,
			);
			defaultConfigurationIsVisible = 0;
			defaultConfigurationName = Release;
		};
		93FD4FFB2665C056000BB08B /* Build configuration list for PBXNativeTarget "Demo-SwiftUI (iOS)" */ = {
			isa = XCConfigurationList;
			buildConfigurations = (
				93FD4FFC2665C056000BB08B /* Debug */,
				93FD4FFD2665C056000BB08B /* Release */,
			);
			defaultConfigurationIsVisible = 0;
			defaultConfigurationName = Release;
		};
		93FD4FFE2665C056000BB08B /* Build configuration list for PBXNativeTarget "Demo-SwiftUI (macOS)" */ = {
			isa = XCConfigurationList;
			buildConfigurations = (
				93FD4FFF2665C056000BB08B /* Debug */,
				93FD50002665C056000BB08B /* Release */,
			);
			defaultConfigurationIsVisible = 0;
			defaultConfigurationName = Release;
		};
		93FD50132665C17A000BB08B /* Build configuration list for PBXNativeTarget "Demo-AppKit" */ = {
			isa = XCConfigurationList;
			buildConfigurations = (
				93FD50142665C17A000BB08B /* Debug */,
				93FD50152665C17A000BB08B /* Release */,
			);
			defaultConfigurationIsVisible = 0;
			defaultConfigurationName = Release;
		};
/* End XCConfigurationList section */

/* Begin XCRemoteSwiftPackageReference section */
		93DB1CB3270D1F4E002F212A /* XCRemoteSwiftPackageReference "FunLittleAdsSDK" */ = {
			isa = XCRemoteSwiftPackageReference;
			repositoryURL = "file:///Users/aaron/Developer/FunLittleAdsSDK";
			requirement = {
				kind = upToNextMajorVersion;
				minimumVersion = 0.0.9;
			};
		};
/* End XCRemoteSwiftPackageReference section */

/* Begin XCSwiftPackageProductDependency section */
		93D020F226CB4202008DB04B /* FunLittleAdsSDK */ = {
			isa = XCSwiftPackageProductDependency;
			productName = FunLittleAdsSDK;
		};
		93D020F426CB4209008DB04B /* FunLittleAdsSDK */ = {
			isa = XCSwiftPackageProductDependency;
			productName = FunLittleAdsSDK;
		};
		93D020F626CB420D008DB04B /* FunLittleAdsSDK */ = {
			isa = XCSwiftPackageProductDependency;
			productName = FunLittleAdsSDK;
		};
		93DB1CB4270D1F4E002F212A /* FunLittleAdsSDK */ = {
			isa = XCSwiftPackageProductDependency;
			package = 93DB1CB3270D1F4E002F212A /* XCRemoteSwiftPackageReference "FunLittleAdsSDK" */;
			productName = FunLittleAdsSDK;
		};
/* End XCSwiftPackageProductDependency section */
	};
	rootObject = 9382064226618838001D66BE /* Project object */;
}
